
Microsoft Visual Studio Solution File, Format Version 12.00
# Visual Studio Version 17
VisualStudioVersion = 17.9.34728.123
MinimumVisualStudioVersion = 10.0.40219.1
Project("{FAE04EC0-301F-11D3-BF4B-00C04F79EFBC}") = "BulkyWeb", "BulkyWeb.csproj", "{A21C51FE-9BC6-4528-A965-8ECFCB9682E2}"
EndProject
Global
	GlobalSection(SolutionConfigurationPlatforms) = preSolution
		Debug|Any CPU = Debug|Any CPU
		Release|Any CPU = Release|Any CPU
	EndGlobalSection
	GlobalSection(ProjectConfigurationPlatforms) = postSolution
		{A21C51FE-9BC6-4528-A965-8ECFCB9682E2}.Debug|Any CPU.ActiveCfg = Debug|Any CPU
		{A21C51FE-9BC6-4528-A965-8ECFCB9682E2}.Debug|Any CPU.Build.0 = Debug|Any CPU
		{A21C51FE-9BC6-4528-A965-8ECFCB9682E2}.Release|Any CPU.ActiveCfg = Release|Any CPU
		{A21C51FE-9BC6-4528-A965-8ECFCB9682E2}.Release|Any CPU.Build.0 = Release|Any CPU
	EndGlobalSection
	GlobalSection(SolutionProperties) = preSolution
		HideSolutionNode = FALSE
	EndGlobalSection
	GlobalSection(ExtensibilityGlobals) = postSolution
		SolutionGuid = {67B45B58-AFDC-4CAF-A26B-D96E655B6651}
	EndGlobalSection
EndGlobal
